<?xml version="1.0" encoding="UTF-8" standalone="yes" ?>
<CodeBlocks_project_file>
	<FileVersion major="1" minor="6" />
	<Project>
		<Option title="core" />
		<Option pch_mode="2" />
		<Option compiler="gcc" />
		<Build>
			<Target title="basis">
				<Option output="../../../time/x64/basis/libcore.so" prefix_auto="0" extension_auto="0" />
				<Option working_dir="../../../time/x64/basis/" />
				<Option object_output="../../../time/intermediate/app/core" />
				<Option type="3" />
				<Option compiler="gcc" />
				<Option createDefFile="1" />
				<Option createStaticLib="1" />
				<Compiler>
					<Add option="-pg" />
					<Add option="-g" />
					<Add option="-D_DEBUG" />
				</Compiler>
				<Linker>
					<Add option="-pg" />
				</Linker>
			</Target>
			<Target title="memdleak">
				<Option output="../../../time/x64/basis/libcore.so" prefix_auto="0" extension_auto="0" />
				<Option working_dir="../../../time/x64/basis/" />
				<Option object_output="../../../time/intermediate/app/core" />
				<Option type="3" />
				<Option compiler="gcc" />
				<Option createDefFile="1" />
				<Option createStaticLib="1" />
				<Compiler>
					<Add option="-g" />
					<Add option="-D_DEBUG" />
					<Add option="-DMEMDLEAK" />
					<Add directory="../ca2" />
					<Add directory="." />
					<Add directory=".." />
					<Add directory="../../.." />
					<Add directory="../../../app" />
					<Add directory="../../appseedcore" />
					<Add directory="../../nodeapp/linux" />
					<Add directory="../../thirdparty" />
					<Add directory="../../thirdparty/appseed" />
					<Add directory="../../../app/thirdparty/include" />
					<Add directory="../../../app/thirdparty/appseed" />
					<Add directory="../ca" />
				</Compiler>
			</Target>
		</Build>
		<Compiler>
			<Add option="-std=c++14" />
			<Add option="-fPIC" />
			<Add option="-fexceptions" />
			<Add option="-fpermissive" />
			<Add option="-fnon-call-exceptions" />
			<Add option="-fno-stack-protector" />
			<Add option="-Wno-pointer-arith" />
			<Add option="-Wno-attributes" />
			<Add option="-Winvalid-pch" />
			<Add option="-Wno-conversion-null" />
			<Add directory="." />
			<Add directory="../../.." />
			<Add directory="framework" />
			<Add directory="../../../include" />
			<Add directory="../../include" />
			<Add directory=".." />
			<Add directory="../../../app" />
			<Add directory="../../appseed" />
			<Add directory="../base" />
			<Add directory="../axis" />
			<Add directory="../aura" />
			<Add directory="../../axis" />
			<Add directory="/usr/include/gtk-3.0" />
			<Add directory="/usr/include/glib-2.0" />
			<Add directory="/usr/include/pango-1.0" />
			<Add directory="/usr/include/cairo" />
			<Add directory="/usr/include/gdk-pixbuf-2.0" />
			<Add directory="/usr/include/atk-1.0" />
		</Compiler>
		<Linker>
			<Add option="-Wl,-rpath=\\$$$ORIGIN" />
			<Add option="-ldl" />
			<Add option="-lpthread" />
			<Add option="-lX11" />
			<Add option="-laura" />
			<Add option="-lsqlite3" />
			<Add option="-lfreetype" />
			<Add option="-lbz2" />
			<Add option="-laxis" />
			<Add option="-lbase" />
			<Add option="-lbasecore" />
			<Add option="-Wl,-z,defs" />
			<Add directory="../../../time/x64/basis" />
			<Add directory="/usr/lib64/mysql/" />
		</Linker>
		<Unit filename="core/core/core.cpp" />
		<Unit filename="core/core/core.h" />
		<Unit filename="core/core/core1.h" />
		<Unit filename="core/core/core_Debug.cpp" />
		<Unit filename="core/core/core_application.cpp" />
		<Unit filename="core/core/core_application.h" />
		<Unit filename="core/core/core_back_insert_iterator.h" />
		<Unit filename="core/core/core_bstr.h" />
		<Unit filename="core/core/core_constraint.cpp" />
		<Unit filename="core/core/core_constraint.h" />
		<Unit filename="core/core/core_debug.h" />
		<Unit filename="core/core/core_history.cpp" />
		<Unit filename="core/core/core_history.h" />
		<Unit filename="core/core/core_insert_iterator.h" />
		<Unit filename="core/core/core_iterator.h" />
		<Unit filename="core/core/core_less.h" />
		<Unit filename="core/core/core_library.cpp" />
		<Unit filename="core/core/core_library.h" />
		<Unit filename="core/core/core_logic.cpp" />
		<Unit filename="core/core/core_logic.h" />
		<Unit filename="core/core/core_main.h" />
		<Unit filename="core/core/core_match.cpp" />
		<Unit filename="core/core/core_match.h" />
		<Unit filename="core/core/core_muldiv32.h" />
		<Unit filename="core/core/core_os_history.cpp" />
		<Unit filename="core/core/core_os_history.h" />
		<Unit filename="core/core/core_patch.cpp" />
		<Unit filename="core/core/core_patch.h" />
		<Unit filename="core/core/core_process_data.h" />
		<Unit filename="core/core/core_progress_interface.h" />
		<Unit filename="core/core/core_run_start_installer.h" />
		<Unit filename="core/core/core_session.cpp" />
		<Unit filename="core/core/core_session.h" />
		<Unit filename="core/core/core_simple_app.cpp" />
		<Unit filename="core/core/core_simple_app.h" />
		<Unit filename="core/core/core_smart_pointer_query.h" />
		<Unit filename="core/core/core_static_start.cpp" />
		<Unit filename="core/core/core_std_pair.h" />
		<Unit filename="core/core/core_str_format.cpp" />
		<Unit filename="core/core/core_strn.cpp" />
		<Unit filename="core/core/core_strn.h" />
		<Unit filename="core/core/core_system.cpp" />
		<Unit filename="core/core/core_system.h" />
		<Unit filename="core/core/core_types.h" />
		<Unit filename="core/core/core_util1.h" />
		<Unit filename="core/core/plane.h" />
		<Unit filename="core/os/ios/ios_main.h" />
		<Unit filename="core/os/linux/linux_simple_frame_window.cpp" />
		<Unit filename="core/os/os.h" />
		<Unit filename="core/plugin/plugin.h" />
		<Unit filename="core/plugin/plugin_gen.h" />
		<Unit filename="core/plugin/plugin_history.cpp" />
		<Unit filename="core/plugin/plugin_history.h" />
		<Unit filename="core/plugin/plugin_host_interaction.cpp" />
		<Unit filename="core/plugin/plugin_host_interaction.h" />
		<Unit filename="core/plugin/plugin_instance.cpp" />
		<Unit filename="core/plugin/plugin_instance.h" />
		<Unit filename="core/plugin/plugin_plugin.cpp" />
		<Unit filename="core/plugin/plugin_plugin.h" />
		<Unit filename="core/plugin/plugin_run_start_installer.cpp" />
		<Unit filename="core/plugin/plugin_run_start_installer.h" />
		<Unit filename="core/plugin/plugin_system.cpp" />
		<Unit filename="core/plugin/plugin_system.h" />
		<Unit filename="filesystem/filehandler/filehandler.h" />
		<Unit filename="filesystem/filehandler/filehandler_handler.cpp" />
		<Unit filename="filesystem/filehandler/filehandler_handler.h" />
		<Unit filename="filesystem/filehandler/filehandler_item.cpp" />
		<Unit filename="filesystem/filehandler/filehandler_item.h" />
		<Unit filename="filesystem/filehandler/filehandler_library.cpp" />
		<Unit filename="filesystem/filehandler/filehandler_library.h" />
		<Unit filename="filesystem/filehandler/filehandler_menu_library.cpp" />
		<Unit filename="filesystem/filehandler/filehandler_menu_library.h" />
		<Unit filename="filesystem/filehandler/filehandler_tree_interface.cpp" />
		<Unit filename="filesystem/filehandler/filehandler_tree_interface.h" />
		<Unit filename="filesystem/filemanager/filemanager.cpp" />
		<Unit filename="filesystem/filemanager/filemanager.h" />
		<Unit filename="filesystem/filemanager/filemanager_callback.cpp" />
		<Unit filename="filesystem/filemanager/filemanager_callback.h" />
		<Unit filename="filesystem/filemanager/filemanager_child_frame.cpp" />
		<Unit filename="filesystem/filemanager/filemanager_child_frame.h" />
		<Unit filename="filesystem/filemanager/filemanager_const.h" />
		<Unit filename="filesystem/filemanager/filemanager_context_menu.cpp" />
		<Unit filename="filesystem/filemanager/filemanager_context_menu.h" />
		<Unit filename="filesystem/filemanager/filemanager_data.cpp" />
		<Unit filename="filesystem/filemanager/filemanager_data.h" />
		<Unit filename="filesystem/filemanager/filemanager_file_list.cpp" />
		<Unit filename="filesystem/filemanager/filemanager_file_list.h" />
		<Unit filename="filesystem/filemanager/filemanager_file_list_callback.cpp" />
		<Unit filename="filesystem/filemanager/filemanager_file_list_callback.h" />
		<Unit filename="filesystem/filemanager/filemanager_file_properties_form.cpp" />
		<Unit filename="filesystem/filemanager/filemanager_file_properties_form.h" />
		<Unit filename="filesystem/filemanager/filemanager_filemanager.cpp" />
		<Unit filename="filesystem/filemanager/filemanager_filemanager.h" />
		<Unit filename="filesystem/filemanager/filemanager_folder_list.cpp" />
		<Unit filename="filesystem/filemanager/filemanager_folder_list.h" />
		<Unit filename="filesystem/filemanager/filemanager_folder_list_data.cpp" />
		<Unit filename="filesystem/filemanager/filemanager_folder_list_data.h" />
		<Unit filename="filesystem/filemanager/filemanager_folder_list_view.cpp" />
		<Unit filename="filesystem/filemanager/filemanager_folder_list_view.h" />
		<Unit filename="filesystem/filemanager/filemanager_folder_selection_list_view.cpp" />
		<Unit filename="filesystem/filemanager/filemanager_folder_selection_list_view.h" />
		<Unit filename="filesystem/filemanager/filemanager_form.cpp" />
		<Unit filename="filesystem/filemanager/filemanager_form.h" />
		<Unit filename="filesystem/filemanager/filemanager_form_child_frame.cpp" />
		<Unit filename="filesystem/filemanager/filemanager_form_child_frame.h" />
		<Unit filename="filesystem/filemanager/filemanager_form_document.cpp" />
		<Unit filename="filesystem/filemanager/filemanager_form_document.h" />
		<Unit filename="filesystem/filemanager/filemanager_form_update_hint.cpp" />
		<Unit filename="filesystem/filemanager/filemanager_form_update_hint.h" />
		<Unit filename="filesystem/filemanager/filemanager_form_view.h" />
		<Unit filename="filesystem/filemanager/filemanager_frame.cpp" />
		<Unit filename="filesystem/filemanager/filemanager_frame.h" />
		<Unit filename="filesystem/filemanager/filemanager_fs_simple_list_view.cpp" />
		<Unit filename="filesystem/filemanager/filemanager_fs_simple_list_view.h" />
		<Unit filename="filesystem/filemanager/filemanager_fs_simple_tree.cpp" />
		<Unit filename="filesystem/filemanager/filemanager_fs_simple_tree.h" />
		<Unit filename="filesystem/filemanager/filemanager_fs_simple_view.cpp" />
		<Unit filename="filesystem/filemanager/filemanager_fs_simple_view.h" />
		<Unit filename="filesystem/filemanager/filemanager_icon.cpp" />
		<Unit filename="filesystem/filemanager/filemanager_icon.h" />
		<Unit filename="filesystem/filemanager/filemanager_iconoverlayer.cpp" />
		<Unit filename="filesystem/filemanager/filemanager_iconoverlayer.h" />
		<Unit filename="filesystem/filemanager/filemanager_impact.cpp" />
		<Unit filename="filesystem/filemanager/filemanager_impact.h" />
		<Unit filename="filesystem/filemanager/filemanager_item_action.cpp" />
		<Unit filename="filesystem/filemanager/filemanager_item_action.h" />
		<Unit filename="filesystem/filemanager/filemanager_left_view.cpp" />
		<Unit filename="filesystem/filemanager/filemanager_left_view.h" />
		<Unit filename="filesystem/filemanager/filemanager_main_frame.cpp" />
		<Unit filename="filesystem/filemanager/filemanager_main_frame.h" />
		<Unit filename="filesystem/filemanager/filemanager_main_view.cpp" />
		<Unit filename="filesystem/filemanager/filemanager_main_view.h" />
		<Unit filename="filesystem/filemanager/filemanager_manager.cpp" />
		<Unit filename="filesystem/filemanager/filemanager_manager.h" />
		<Unit filename="filesystem/filemanager/filemanager_manager_template.cpp" />
		<Unit filename="filesystem/filemanager/filemanager_manager_template.h" />
		<Unit filename="filesystem/filemanager/filemanager_operation.cpp" />
		<Unit filename="filesystem/filemanager/filemanager_operation.h" />
		<Unit filename="filesystem/filemanager/filemanager_operation_child_frame.cpp" />
		<Unit filename="filesystem/filemanager/filemanager_operation_child_frame.h" />
		<Unit filename="filesystem/filemanager/filemanager_operation_document.cpp" />
		<Unit filename="filesystem/filemanager/filemanager_operation_document.h" />
		<Unit filename="filesystem/filemanager/filemanager_operation_info_view.cpp" />
		<Unit filename="filesystem/filemanager/filemanager_operation_info_view.h" />
		<Unit filename="filesystem/filemanager/filemanager_operation_list_view.cpp" />
		<Unit filename="filesystem/filemanager/filemanager_operation_list_view.h" />
		<Unit filename="filesystem/filemanager/filemanager_operation_thread.cpp" />
		<Unit filename="filesystem/filemanager/filemanager_operation_thread.h" />
		<Unit filename="filesystem/filemanager/filemanager_operation_view.cpp" />
		<Unit filename="filesystem/filemanager/filemanager_operation_view.h" />
		<Unit filename="filesystem/filemanager/filemanager_path_view.cpp" />
		<Unit filename="filesystem/filemanager/filemanager_path_view.h" />
		<Unit filename="filesystem/filemanager/filemanager_preview.cpp" />
		<Unit filename="filesystem/filemanager/filemanager_preview.h" />
		<Unit filename="filesystem/filemanager/filemanager_save_as_name_view.cpp" />
		<Unit filename="filesystem/filemanager/filemanager_save_as_name_view.h" />
		<Unit filename="filesystem/filemanager/filemanager_tab_view.cpp" />
		<Unit filename="filesystem/filemanager/filemanager_tab_view.h" />
		<Unit filename="filesystem/filemanager/filemanager_tree.cpp" />
		<Unit filename="filesystem/filemanager/filemanager_tree.h" />
		<Unit filename="filesystem/filemanager/filemanager_update_hint.cpp" />
		<Unit filename="filesystem/filemanager/filemanager_update_hint.h" />
		<Unit filename="filesystem/filemanager/filemanager_user.h" />
		<Unit filename="filesystem/filemanager/filemanager_view.cpp" />
		<Unit filename="filesystem/filemanager/filemanager_view.h" />
		<Unit filename="filesystem/userfs/userfs.h" />
		<Unit filename="filesystem/userfs/userfs_document.cpp" />
		<Unit filename="filesystem/userfs/userfs_document.h" />
		<Unit filename="filesystem/userfs/userfs_item.cpp" />
		<Unit filename="filesystem/userfs/userfs_item.h" />
		<Unit filename="filesystem/userfs/userfs_list.cpp" />
		<Unit filename="filesystem/userfs/userfs_list.h" />
		<Unit filename="filesystem/userfs/userfs_list_data.cpp" />
		<Unit filename="filesystem/userfs/userfs_list_data.h" />
		<Unit filename="filesystem/userfs/userfs_list_item.cpp" />
		<Unit filename="filesystem/userfs/userfs_list_item.h" />
		<Unit filename="filesystem/userfs/userfs_list_item_array.cpp" />
		<Unit filename="filesystem/userfs/userfs_list_item_array.h" />
		<Unit filename="filesystem/userfs/userfs_main_view.cpp" />
		<Unit filename="filesystem/userfs/userfs_main_view.h" />
		<Unit filename="filesystem/userfs/userfs_tree.cpp" />
		<Unit filename="filesystem/userfs/userfs_tree.h" />
		<Unit filename="filesystem/userfs/userfs_update_hint.cpp" />
		<Unit filename="filesystem/userfs/userfs_update_hint.h" />
		<Unit filename="filesystem/userfs/userfs_userfs.cpp" />
		<Unit filename="filesystem/userfs/userfs_userfs.h" />
		<Unit filename="framework.cpp" />
		<Unit filename="framework.h">
			<Option compile="1" />
			<Option weight="0" />
		</Unit>
		<Unit filename="math/calculator/calculator.h" />
		<Unit filename="math/calculator/calculator_calculator.cpp" />
		<Unit filename="math/calculator/calculator_calculator.h" />
		<Unit filename="math/calculator/calculator_element.cpp" />
		<Unit filename="math/calculator/calculator_element.h" />
		<Unit filename="math/calculator/calculator_parser.cpp" />
		<Unit filename="math/calculator/calculator_parser.h" />
		<Unit filename="math/calculator/calculator_parser_exception.cpp" />
		<Unit filename="math/calculator/calculator_parser_exception.h" />
		<Unit filename="math/calculator/calculator_plain_edit_view.cpp" />
		<Unit filename="math/calculator/calculator_plain_edit_view.h" />
		<Unit filename="math/calculator/calculator_scanner.cpp" />
		<Unit filename="math/calculator/calculator_scanner.h" />
		<Unit filename="math/calculator/calculator_token.h" />
		<Unit filename="math/calculator/calculator_value.cpp" />
		<Unit filename="math/calculator/calculator_value.h" />
		<Unit filename="math/kissfft/kiss_fft.cpp" />
		<Unit filename="math/kissfft/kiss_fft.h" />
		<Unit filename="math/kissfft/kiss_fft_guts.h" />
		<Unit filename="math/kissfft/kiss_fft_shared.cpp" />
		<Unit filename="math/kissfft/kiss_ifft.cpp" />
		<Unit filename="math/kissfft/kiss_ifft.h" />
		<Unit filename="math/kissfft/kissfft.h" />
		<Unit filename="math/kissfft/kissfft_fftd.cpp" />
		<Unit filename="math/kissfft/kissfft_fftd.h" />
		<Unit filename="math/kissfft/kissfft_ifftd.cpp" />
		<Unit filename="math/kissfft/kissfft_ifftd.h" />
		<Unit filename="math/math_math.h" />
		<Unit filename="os_cross_windows_crt_debug.cpp" />
		<Unit filename="this_build_number.h" />
		<Unit filename="user/databaseuser/databaseuser.h" />
		<Unit filename="user/databaseuser/databaseuser_key_mesh_data.cpp" />
		<Unit filename="user/databaseuser/databaseuser_key_mesh_data.h" />
		<Unit filename="user/databaseuser/databaseuser_mesh_data.cpp" />
		<Unit filename="user/databaseuser/databaseuser_mesh_data.h" />
		<Unit filename="user/fontopus/fontopus_view.cpp" />
		<Unit filename="user/fontopus/fontopus_view.h" />
		<Unit filename="user/hi5/hi5.h" />
		<Unit filename="user/hi5/hi5_oauth.cpp" />
		<Unit filename="user/hi5/hi5_oauth.h" />
		<Unit filename="user/hi5/hi5_twit.cpp" />
		<Unit filename="user/hi5/hi5_twit.h" />
		<Unit filename="user/html/___framework.h" />
		<Unit filename="user/html/graphics/elemental/html_elemental.h" />
		<Unit filename="user/html/graphics/elemental/html_elemental_cell.cpp" />
		<Unit filename="user/html/graphics/elemental/html_elemental_cell.h" />
		<Unit filename="user/html/graphics/elemental/html_elemental_elemental.cpp" />
		<Unit filename="user/html/graphics/elemental/html_elemental_elemental.h" />
		<Unit filename="user/html/graphics/elemental/html_elemental_form.cpp" />
		<Unit filename="user/html/graphics/elemental/html_elemental_form.h" />
		<Unit filename="user/html/graphics/elemental/html_elemental_image.cpp" />
		<Unit filename="user/html/graphics/elemental/html_elemental_image.h" />
		<Unit filename="user/html/graphics/elemental/html_elemental_input_button.cpp" />
		<Unit filename="user/html/graphics/elemental/html_elemental_input_button.h" />
		<Unit filename="user/html/graphics/elemental/html_elemental_input_checkbox.cpp" />
		<Unit filename="user/html/graphics/elemental/html_elemental_input_checkbox.h" />
		<Unit filename="user/html/graphics/elemental/html_elemental_input_text.cpp" />
		<Unit filename="user/html/graphics/elemental/html_elemental_input_text.h" />
		<Unit filename="user/html/graphics/elemental/html_elemental_select.cpp" />
		<Unit filename="user/html/graphics/elemental/html_elemental_select.h" />
		<Unit filename="user/html/graphics/elemental/html_elemental_table.cpp" />
		<Unit filename="user/html/graphics/elemental/html_elemental_table.h" />
		<Unit filename="user/html/graphics/elemental/html_elemental_table_elemental.cpp" />
		<Unit filename="user/html/graphics/elemental/html_elemental_table_elemental.h" />
		<Unit filename="user/html/graphics/elemental/html_elemental_table_row.cpp" />
		<Unit filename="user/html/graphics/elemental/html_elemental_table_row.h" />
		<Unit filename="user/html/graphics/elemental/html_elemental_text.cpp" />
		<Unit filename="user/html/graphics/elemental/html_elemental_text.h" />
		<Unit filename="user/html/graphics/html.h" />
		<Unit filename="user/html/graphics/html2.h" />
		<Unit filename="user/html/graphics/html_attribute.cpp" />
		<Unit filename="user/html/graphics/html_attribute.h" />
		<Unit filename="user/html/graphics/html_base.cpp" />
		<Unit filename="user/html/graphics/html_base.h" />
		<Unit filename="user/html/graphics/html_border.h" />
		<Unit filename="user/html/graphics/html_box.h" />
		<Unit filename="user/html/graphics/html_data.cpp" />
		<Unit filename="user/html/graphics/html_data.h" />
		<Unit filename="user/html/graphics/html_enum.h" />
		<Unit filename="user/html/graphics/html_ex.h" />
		<Unit filename="user/html/graphics/html_font.cpp" />
		<Unit filename="user/html/graphics/html_font.h" />
		<Unit filename="user/html/graphics/html_form.cpp" />
		<Unit filename="user/html/graphics/html_form.h" />
		<Unit filename="user/html/graphics/html_html.cpp" />
		<Unit filename="user/html/graphics/html_html.h" />
		<Unit filename="user/html/graphics/html_html2.h" />
		<Unit filename="user/html/graphics/html_message.cpp" />
		<Unit filename="user/html/graphics/html_message.h" />
		<Unit filename="user/html/graphics/html_point.h" />
		<Unit filename="user/html/graphics/html_reader.cpp" />
		<Unit filename="user/html/graphics/html_reader.h" />
		<Unit filename="user/html/graphics/html_size.h" />
		<Unit filename="user/html/graphics/html_style.cpp" />
		<Unit filename="user/html/graphics/html_style.h" />
		<Unit filename="user/html/graphics/html_style_sheet.cpp" />
		<Unit filename="user/html/graphics/html_style_sheet.h" />
		<Unit filename="user/html/graphics/html_style_sheet_array.cpp" />
		<Unit filename="user/html/graphics/html_style_sheet_array.h" />
		<Unit filename="user/html/graphics/html_tag.cpp" />
		<Unit filename="user/html/graphics/html_tag.h" />
		<Unit filename="user/html/graphics/html_value.cpp" />
		<Unit filename="user/html/graphics/html_value.h" />
		<Unit filename="user/html/graphics/impl/html_impl.cpp" />
		<Unit filename="user/html/graphics/impl/html_impl.h" />
		<Unit filename="user/html/graphics/impl/html_impl_cell.cpp" />
		<Unit filename="user/html/graphics/impl/html_impl_cell.h" />
		<Unit filename="user/html/graphics/impl/html_impl_elemental.cpp" />
		<Unit filename="user/html/graphics/impl/html_impl_elemental.h" />
		<Unit filename="user/html/graphics/impl/html_impl_form.cpp" />
		<Unit filename="user/html/graphics/impl/html_impl_form.h" />
		<Unit filename="user/html/graphics/impl/html_impl_image.cpp" />
		<Unit filename="user/html/graphics/impl/html_impl_image.h" />
		<Unit filename="user/html/graphics/impl/html_impl_input_button.cpp" />
		<Unit filename="user/html/graphics/impl/html_impl_input_button.h" />
		<Unit filename="user/html/graphics/impl/html_impl_input_checkbox.cpp" />
		<Unit filename="user/html/graphics/impl/html_impl_input_checkbox.h" />
		<Unit filename="user/html/graphics/impl/html_impl_input_text.cpp" />
		<Unit filename="user/html/graphics/impl/html_impl_input_text.h" />
		<Unit filename="user/html/graphics/impl/html_impl_select.cpp" />
		<Unit filename="user/html/graphics/impl/html_impl_select.h" />
		<Unit filename="user/html/graphics/impl/html_impl_table.cpp" />
		<Unit filename="user/html/graphics/impl/html_impl_table.h" />
		<Unit filename="user/html/graphics/impl/html_impl_table_elemental.cpp" />
		<Unit filename="user/html/graphics/impl/html_impl_table_elemental.h" />
		<Unit filename="user/html/graphics/impl/html_impl_table_row.cpp" />
		<Unit filename="user/html/graphics/impl/html_impl_table_row.h" />
		<Unit filename="user/html/graphics/impl/html_impl_text.cpp" />
		<Unit filename="user/html/graphics/impl/html_impl_text.h" />
		<Unit filename="user/html/hi5/hi5_twitter_authorization.cpp" />
		<Unit filename="user/html/hi5/hi5_twitter_authorization.h" />
		<Unit filename="user/html/html/html.h" />
		<Unit filename="user/html/html_application.h" />
		<Unit filename="user/html/user/userhtml.h" />
		<Unit filename="user/html/user/userhtml_child_frame.cpp" />
		<Unit filename="user/html/user/userhtml_child_frame.h" />
		<Unit filename="user/html/user/userhtml_document.cpp" />
		<Unit filename="user/html/user/userhtml_document.h" />
		<Unit filename="user/html/user/userhtml_form.cpp" />
		<Unit filename="user/html/user/userhtml_form.h" />
		<Unit filename="user/html/user/userhtml_form_view.cpp" />
		<Unit filename="user/html/user/userhtml_form_view.h" />
		<Unit filename="user/html/user/userhtml_frame.cpp" />
		<Unit filename="user/html/user/userhtml_frame.h" />
		<Unit filename="user/html/user/userhtml_view.cpp" />
		<Unit filename="user/html/user/userhtml_view.h" />
		<Unit filename="user/html/user/userhtml_view_update_hint.cpp" />
		<Unit filename="user/html/user/userhtml_view_update_hint.h" />
		<Unit filename="user/menu/menu.h" />
		<Unit filename="user/menu/user_menu_button.cpp" />
		<Unit filename="user/menu/user_menu_button.h" />
		<Unit filename="user/menu/user_menu_central.cpp" />
		<Unit filename="user/menu/user_menu_central.h" />
		<Unit filename="user/menu/user_menu_list_view.cpp" />
		<Unit filename="user/menu/user_menu_list_view.h" />
		<Unit filename="user/menu/user_menu_list_window.cpp" />
		<Unit filename="user/menu/user_menu_list_window.h" />
		<Unit filename="user/netuser/netuser.h" />
		<Unit filename="user/netuser/netuser_network_configuration.cpp" />
		<Unit filename="user/netuser/netuser_network_configuration.h" />
		<Unit filename="user/simple/simple.cpp" />
		<Unit filename="user/simple/simple.h" />
		<Unit filename="user/simple/simple_child_frame.cpp" />
		<Unit filename="user/simple/simple_child_frame.h" />
		<Unit filename="user/simple/simple_form_list_view.cpp" />
		<Unit filename="user/simple/simple_form_list_view.h" />
		<Unit filename="user/simple/simple_form_view.cpp" />
		<Unit filename="user/simple/simple_form_view.h" />
		<Unit filename="user/simple/simple_frame_window.cpp" />
		<Unit filename="user/simple/simple_frame_window.h" />
		<Unit filename="user/simple/simple_list_control.h" />
		<Unit filename="user/simple/simple_list_ctrl.cpp" />
		<Unit filename="user/simple/simple_list_data.cpp" />
		<Unit filename="user/simple/simple_list_data.h" />
		<Unit filename="user/simple/simple_list_header_control.h" />
		<Unit filename="user/simple/simple_list_header_ctrl.cpp" />
		<Unit filename="user/simple/simple_list_view.cpp" />
		<Unit filename="user/simple/simple_list_view.h" />
		<Unit filename="user/simple/simple_main_frame.cpp" />
		<Unit filename="user/simple/simple_main_frame.h" />
		<Unit filename="user/simple/simple_menu_bar.cpp" />
		<Unit filename="user/simple/simple_menu_bar.h" />
		<Unit filename="user/simple/simple_mesh_data.cpp" />
		<Unit filename="user/simple/simple_mesh_data.h" />
		<Unit filename="user/simple/simple_printer_list_view.cpp" />
		<Unit filename="user/simple/simple_printer_list_view.h" />
		<Unit filename="user/simple/simple_static.cpp" />
		<Unit filename="user/simple/simple_static.h" />
		<Unit filename="user/simple/simple_status_bar.cpp" />
		<Unit filename="user/simple/simple_status_bar.h" />
		<Unit filename="user/simple/simple_tab_control.h" />
		<Unit filename="user/simple/simple_tab_ctrl.cpp" />
		<Unit filename="user/simple/simple_tab_view.cpp" />
		<Unit filename="user/simple/simple_tab_view.h" />
		<Unit filename="user/simple/simple_toolbar.cpp" />
		<Unit filename="user/simple/simple_toolbar.h" />
		<Unit filename="user/simple/simple_tree_view.cpp" />
		<Unit filename="user/simple/simple_tree_view.h" />
		<Unit filename="user/user/user.cpp" />
		<Unit filename="user/user/user.h" />
		<Unit filename="user/user/user_00.h" />
		<Unit filename="user/user/user_check_box.cpp" />
		<Unit filename="user/user/user_check_box.h" />
		<Unit filename="user/user/user_combo_box.cpp" />
		<Unit filename="user/user/user_combo_box.h" />
		<Unit filename="user/user/user_combo_list.cpp" />
		<Unit filename="user/user/user_combo_list.h" />
		<Unit filename="user/user/user_control_property.cpp" />
		<Unit filename="user/user/user_control_property.h" />
		<Unit filename="user/user/user_data_exchange.cpp" />
		<Unit filename="user/user/user_data_exchange.h" />
		<Unit filename="user/user/user_dock_context.h" />
		<Unit filename="user/user/user_dock_state.h" />
		<Unit filename="user/user/user_document_manager.cpp" />
		<Unit filename="user/user/user_document_manager.h" />
		<Unit filename="user/user/user_edit_plain_text_view.cpp" />
		<Unit filename="user/user/user_edit_plain_text_view.h" />
		<Unit filename="user/user/user_elastic_slider.cpp" />
		<Unit filename="user/user/user_elastic_slider.h" />
		<Unit filename="user/user/user_font_list.cpp" />
		<Unit filename="user/user/user_font_list.h" />
		<Unit filename="user/user/user_form.cpp" />
		<Unit filename="user/user/user_form.h" />
		<Unit filename="user/user/user_form_list.cpp" />
		<Unit filename="user/user/user_form_list.h" />
		<Unit filename="user/user/user_form_list_view.cpp" />
		<Unit filename="user/user/user_form_list_view.h" />
		<Unit filename="user/user/user_form_mesh.cpp" />
		<Unit filename="user/user/user_form_mesh.h" />
		<Unit filename="user/user/user_form_view.cpp" />
		<Unit filename="user/user/user_form_view.h" />
		<Unit filename="user/user/user_image_manager.cpp" />
		<Unit filename="user/user/user_image_manager.h" />
		<Unit filename="user/user/user_inline.h" />
		<Unit filename="user/user/user_keyboard_layout_cfg.cpp" />
		<Unit filename="user/user/user_keyboard_layout_cfg.h" />
		<Unit filename="user/user/user_list.cpp" />
		<Unit filename="user/user/user_list.h" />
		<Unit filename="user/user/user_list_cache.cpp" />
		<Unit filename="user/user/user_list_cache.h" />
		<Unit filename="user/user/user_list_data.cpp" />
		<Unit filename="user/user/user_list_data.h" />
		<Unit filename="user/user/user_list_header.cpp" />
		<Unit filename="user/user/user_list_header.h" />
		<Unit filename="user/user/user_list_view.cpp" />
		<Unit filename="user/user/user_list_view.h" />
		<Unit filename="user/user/user_main_frame.h" />
		<Unit filename="user/user/user_margin.cpp" />
		<Unit filename="user/user/user_margin.h" />
		<Unit filename="user/user/user_mesh.cpp" />
		<Unit filename="user/user/user_mesh.h" />
		<Unit filename="user/user/user_mesh_cache.cpp" />
		<Unit filename="user/user/user_mesh_cache.h" />
		<Unit filename="user/user/user_mesh_cache_interface.cpp" />
		<Unit filename="user/user/user_mesh_cache_interface.h" />
		<Unit filename="user/user/user_mesh_data.cpp" />
		<Unit filename="user/user/user_mesh_data.h" />
		<Unit filename="user/user/user_network_configuration.cpp" />
		<Unit filename="user/user/user_network_configuration.h" />
		<Unit filename="user/user/user_notification_area.cpp" />
		<Unit filename="user/user/user_notification_area.h" />
		<Unit filename="user/user/user_notify_icon.cpp" />
		<Unit filename="user/user/user_notify_icon.h" />
		<Unit filename="user/user/user_notify_icon_listener.cpp" />
		<Unit filename="user/user/user_notify_icon_listener.h" />
		<Unit filename="user/user/user_notify_icon_mm.h" />
		<Unit filename="user/user/user_notify_icon_mm_bridge.h" />
		<Unit filename="user/user/user_orto_button.cpp" />
		<Unit filename="user/user/user_orto_button.h" />
		<Unit filename="user/user/user_shell.cpp" />
		<Unit filename="user/user/user_shell.h" />
		<Unit filename="user/user/user_shell_android.h" />
		<Unit filename="user/user/user_shell_ios.h" />
		<Unit filename="user/user/user_shell_linux.cpp" />
		<Unit filename="user/user/user_shell_linux.h" />
		<Unit filename="user/user/user_shell_macos.h" />
		<Unit filename="user/user/user_shell_metrowin.h" />
		<Unit filename="user/user/user_shell_windows.h" />
		<Unit filename="user/user/user_simple_list_data.h" />
		<Unit filename="user/user/user_slider.cpp" />
		<Unit filename="user/user/user_slider.h" />
		<Unit filename="user/user/user_split_bar.cpp" />
		<Unit filename="user/user/user_split_bar.h" />
		<Unit filename="user/user/user_split_layout.cpp" />
		<Unit filename="user/user/user_split_layout.h" />
		<Unit filename="user/user/user_split_view.cpp" />
		<Unit filename="user/user/user_split_view.h" />
		<Unit filename="user/user/user_split_window.cpp" />
		<Unit filename="user/user/user_split_window.h" />
		<Unit filename="user/user/user_static_control.cpp" />
		<Unit filename="user/user/user_static_control.h" />
		<Unit filename="user/user/user_statusbar.cpp" />
		<Unit filename="user/user/user_statusbar.h" />
		<Unit filename="user/user/user_step_slider.cpp" />
		<Unit filename="user/user/user_step_slider.h" />
		<Unit filename="user/user/user_tab.cpp" />
		<Unit filename="user/user/user_tab.h" />
		<Unit filename="user/user/user_tab_callback.cpp" />
		<Unit filename="user/user/user_tab_callback.h" />
		<Unit filename="user/user/user_tab_view.cpp" />
		<Unit filename="user/user/user_tab_view.h" />
		<Unit filename="user/user/user_tab_view_update_hint.cpp" />
		<Unit filename="user/user/user_tab_view_update_hint.h" />
		<Unit filename="user/user/user_template.h" />
		<Unit filename="user/user/user_thread.h" />
		<Unit filename="user/user/user_tool_command.cpp" />
		<Unit filename="user/user/user_tool_command.h" />
		<Unit filename="user/user/user_tool_tip_tool.cpp" />
		<Unit filename="user/user/user_tool_tip_tool.h" />
		<Unit filename="user/user/user_tool_tip_window.cpp" />
		<Unit filename="user/user/user_tool_tip_window.h" />
		<Unit filename="user/user/user_toolbar.cpp" />
		<Unit filename="user/user/user_toolbar.h" />
		<Unit filename="user/user/user_toolbar_control.h" />
		<Unit filename="user/user/user_toolbar_ctrl.cpp" />
		<Unit filename="user/user/user_tree.cpp" />
		<Unit filename="user/user/user_tree.h" />
		<Unit filename="user/user/user_tree_data.cpp" />
		<Unit filename="user/user/user_tree_data.h" />
		<Unit filename="user/user/user_tree_window.cpp" />
		<Unit filename="user/user/user_xfplayer_view_line.cpp" />
		<Unit filename="user/user/user_xfplayer_view_line.h" />
		<Unit filename="user/user/user_xfplayer_view_line_selection.cpp" />
		<Unit filename="user/user/user_xfplayer_view_line_selection.h" />
		<Unit filename="user/user/user_xfplayer_view_lines.cpp" />
		<Unit filename="user/user/user_xfplayer_view_lines.h" />
		<Unit filename="user/userex/userex.h" />
		<Unit filename="user/userex/userex_dialog.cpp" />
		<Unit filename="user/userex/userex_dialog.h" />
		<Unit filename="user/userex/userex_font_view.cpp" />
		<Unit filename="user/userex/userex_font_view.h" />
		<Unit filename="user/userex/userex_form_child_frame.cpp" />
		<Unit filename="user/userex/userex_form_child_frame.h" />
		<Unit filename="user/userex/userex_form_document.h" />
		<Unit filename="user/userex/userex_form_frame.cpp" />
		<Unit filename="user/userex/userex_form_frame.h" />
		<Unit filename="user/userex/userex_form_update_hint.cpp" />
		<Unit filename="user/userex/userex_form_update_hint.h" />
		<Unit filename="user/userex/userex_form_view.cpp" />
		<Unit filename="user/userex/userex_form_view.h" />
		<Unit filename="user/userex/userex_keyboard_layout.cpp" />
		<Unit filename="user/userex/userex_keyboard_layout.h" />
		<Unit filename="user/userex/userex_menu_document.cpp" />
		<Unit filename="user/userex/userex_menu_document.h" />
		<Unit filename="user/userex/userex_menu_frame.cpp" />
		<Unit filename="user/userex/userex_menu_frame.h" />
		<Unit filename="user/userex/userex_menu_view.cpp" />
		<Unit filename="user/userex/userex_menu_view.h" />
		<Unit filename="user/userex/userex_message_box.cpp" />
		<Unit filename="user/userex/userex_message_box.h" />
		<Unit filename="user/userex/userex_mini_dock_frame_window.cpp" />
		<Unit filename="user/userex/userex_mini_dock_frame_window.h" />
		<Unit filename="user/userex/userex_pane_split_view.cpp" />
		<Unit filename="user/userex/userex_pane_split_view.h" />
		<Unit filename="user/userex/userex_pane_tab_view.cpp" />
		<Unit filename="user/userex/userex_pane_tab_view.h" />
		<Unit filename="user/userex/userex_pane_view.cpp" />
		<Unit filename="user/userex/userex_pane_view.h" />
		<Unit filename="user/userex/userex_property_page.cpp" />
		<Unit filename="user/userex/userex_property_page.h" />
		<Unit filename="user/userex/userex_property_sheet.cpp" />
		<Unit filename="user/userex/userex_property_sheet.h" />
		<Unit filename="user/userex/userex_split_view.cpp" />
		<Unit filename="user/userex/userex_split_view.h" />
		<Unit filename="user/userex/userex_top_edit_view.cpp" />
		<Unit filename="user/userex/userex_top_edit_view.h" />
		<Unit filename="user/userex/userex_top_toggle_view.cpp" />
		<Unit filename="user/userex/userex_top_toggle_view.h" />
		<Unit filename="user/userex/userex_top_view.cpp" />
		<Unit filename="user/userex/userex_top_view.h" />
		<Unit filename="user/userex/userex_userex.cpp" />
		<Unit filename="user/userex/userex_userex.h" />
		<Unit filename="user/userex/userex_wait_message_dialog.cpp" />
		<Unit filename="user/userex/userex_wait_message_dialog.h" />
		<Unit filename="user/wndfrm/frame/wndfrm_frame.h" />
		<Unit filename="user/wndfrm/frame/wndfrm_frame_appearance.cpp" />
		<Unit filename="user/wndfrm/frame/wndfrm_frame_appearance.h" />
		<Unit filename="user/wndfrm/frame/wndfrm_frame_constants.cpp" />
		<Unit filename="user/wndfrm/frame/wndfrm_frame_constants.h" />
		<Unit filename="user/wndfrm/frame/wndfrm_frame_control_box.cpp" />
		<Unit filename="user/wndfrm/frame/wndfrm_frame_control_box.h" />
		<Unit filename="user/wndfrm/frame/wndfrm_frame_control_box_button.cpp" />
		<Unit filename="user/wndfrm/frame/wndfrm_frame_control_box_button.h" />
		<Unit filename="user/wndfrm/frame/wndfrm_frame_dock_manager.cpp" />
		<Unit filename="user/wndfrm/frame/wndfrm_frame_dock_manager.h" />
		<Unit filename="user/wndfrm/frame/wndfrm_frame_enum.h" />
		<Unit filename="user/wndfrm/frame/wndfrm_frame_frame.cpp" />
		<Unit filename="user/wndfrm/frame/wndfrm_frame_frame.h" />
		<Unit filename="user/wndfrm/frame/wndfrm_frame_move_manager.cpp" />
		<Unit filename="user/wndfrm/frame/wndfrm_frame_move_manager.h" />
		<Unit filename="user/wndfrm/frame/wndfrm_frame_size_manager.cpp" />
		<Unit filename="user/wndfrm/frame/wndfrm_frame_size_manager.h" />
		<Unit filename="user/wndfrm/frame/wndfrm_frame_sys_menu_manager.cpp" />
		<Unit filename="user/wndfrm/frame/wndfrm_frame_sys_menu_manager.h" />
		<Unit filename="user/wndfrm/frame/wndfrm_frame_work_set.cpp" />
		<Unit filename="user/wndfrm/frame/wndfrm_frame_work_set.h" />
		<Unit filename="user/wndfrm/frame/wndfrm_frame_work_set_client_interface.cpp" />
		<Unit filename="user/wndfrm/frame/wndfrm_frame_work_set_client_interface.h" />
		<Unit filename="user/wndfrm/frame/wndfrm_frame_work_set_listener.cpp" />
		<Unit filename="user/wndfrm/frame/wndfrm_frame_work_set_listener.h" />
		<Unit filename="user/wndfrm/frame/wndfrm_frame_work_set_listener_array.cpp" />
		<Unit filename="user/wndfrm/frame/wndfrm_frame_work_set_listener_array.h" />
		<Unit filename="user/wndfrm/wndfrm.h" />
		<Unit filename="user/wndfrm/wndfrm_interaction.cpp" />
		<Unit filename="user/wndfrm/wndfrm_interaction.h" />
		<Unit filename="user/wndfrm/wndfrm_wndfrm.cpp" />
		<Unit filename="user/wndfrm/wndfrm_wndfrm.h" />
		<Extensions>
			<code_completion />
			<debugger />
			<envvars />
		</Extensions>
	</Project>
</CodeBlocks_project_file>
